{
  "name": "cachi2-js-dependencies",
  "version": "1.0.0",
  "lockfileVersion": 3,
  "requires": true,
  "packages": {
    "": {
      "name": "cachi2-js-dependencies",
      "version": "1.0.0",
      "license": "ISC",
      "dependencies": {
        "corepack": "^0.25.2"
      }
    },
    "node_modules/corepack": {
      "version": "0.25.2",
      "resolved": "https://registry.npmjs.org/corepack/-/corepack-0.25.2.tgz",
      "integrity": "sha512-3MM1s3ETknPzhzjem32T6UsPcrW170qNFGa+rql/AwOics/ndFqBnJ+EHmmrXMusIsqMvt/bMnMjiC+spvFobA==",
      "bin": {
        "corepack": "dist/corepack.js",
        "pnpm": "dist/pnpm.js",
        "pnpx": "dist/pnpx.js",
        "yarn": "dist/yarn.js",
        "yarnpkg": "dist/yarnpkg.js"
      },
      "engines": {
        "node": "^18.17.1 || >=20.10.0"
      }
    }
  }
}
