{
  "name": "cachi2-js-dependencies",
  "version": "1.0.0",
  "lockfileVersion": 3,
  "requires": true,
  "packages": {
    "": {
      "name": "cachi2-js-dependencies",
      "version": "1.0.0",
      "license": "ISC",
      "dependencies": {
        "corepack": "^0.19.0"
      }
    },
    "node_modules/corepack": {
      "version": "0.19.0",
      "resolved": "https://registry.npmjs.org/corepack/-/corepack-0.19.0.tgz",
      "integrity": "sha512-mG4nu1zM5autGOSxl+rrpbx7+ZBhn3gsgXh0bJQVUg3HOo9RTKQvdj7gmp+CDj5clIySRrnWUtZROGfQPGROyg==",
      "bin": {
        "corepack": "dist/corepack.js",
        "pnpm": "dist/pnpm.js",
        "pnpx": "dist/pnpx.js",
        "yarn": "dist/yarn.js",
        "yarnpkg": "dist/yarnpkg.js"
      },
      "engines": {
        "node": ">=16.20.0"
      }
    }
  }
}
