{
  "name": "cachi2-js-dependencies",
  "version": "1.0.0",
  "lockfileVersion": 3,
  "requires": true,
  "packages": {
    "": {
      "name": "cachi2-js-dependencies",
      "version": "1.0.0",
      "license": "ISC",
      "dependencies": {
        "corepack": "^0.20.0"
      }
    },
    "node_modules/corepack": {
      "version": "0.20.0",
      "resolved": "https://registry.npmjs.org/corepack/-/corepack-0.20.0.tgz",
      "integrity": "sha512-iMeLFtXB3V3tk22c95hwMcM9pK2MJifdsCh+qxVntHF/Rz3bJBI+WXK3K7mkNl1Lwi2373OTaC6f7OghjtXh2Q==",
      "bin": {
        "corepack": "dist/corepack.js",
        "pnpm": "dist/pnpm.js",
        "pnpx": "dist/pnpx.js",
        "yarn": "dist/yarn.js",
        "yarnpkg": "dist/yarnpkg.js"
      },
      "engines": {
        "node": ">=16.20.0"
      }
    }
  }
}
