{
  "name": "cachito-npm-with-multiple-dep-versions",
  "version": "1.0.0",
  "lockfileVersion": 3,
  "requires": true,
  "packages": {
    "": {
      "name": "cachito-npm-with-multiple-dep-versions",
      "version": "1.0.0",
      "license": "ISC",
      "workspaces": [
        "foo"
      ],
      "dependencies": {
        "is-positive": "github:kevva/is-positive#1187a61f2e18cf7c11c23d61a1bd52b9fa6a5fdf"
      },
      "devDependencies": {
        "cachito-npm-without-deps": "git+https://github.com/cachito-testing/cachito-npm-without-deps.git"
      }
    },
    "foo": {
      "version": "1.0.0",
      "license": "ISC",
      "dependencies": {
        "is-positive": "github:kevva/is-positive#75dd3a181375162eda014984f2decc663199b09e"
      },
      "devDependencies": {}
    },
    "foo/node_modules/is-positive": {
      "version": "2.0.0",
      "resolved": "git+ssh://git@github.com/kevva/is-positive.git#75dd3a181375162eda014984f2decc663199b09e",
      "integrity": "sha512-q4goHhlrYSAw9hxTZwr4tcNV7jA9FydQdswnTc6B06EhqR7gsFJnvbcLw/fMAsF3HgYpoIA3BIxYRLtoVO6C1g==",
      "license": "MIT",
      "engines": {
        "node": ">=0.10.0"
      }
    },
    "node_modules/cachito-npm-without-deps": {
      "version": "1.0.0",
      "resolved": "git+ssh://git@github.com/cachito-testing/cachito-npm-without-deps.git#2f0ce1d7b1f8b35572d919428b965285a69583f6",
      "dev": true
    },
    "node_modules/foo": {
      "resolved": "foo",
      "link": true
    },
    "node_modules/is-positive": {
      "version": "1.0.0",
      "resolved": "git+ssh://git@github.com/kevva/is-positive.git#1187a61f2e18cf7c11c23d61a1bd52b9fa6a5fdf",
      "integrity": "sha512-+Si/uXLS2WcyBnOY1ZTP6KCxKmyxPnb90jjqJwVVcmGuM41yDKUcKwA4E2KhhjpvfTM0ocYXbkXtiCR0ah2rOA==",
      "license": "MIT",
      "engines": {
        "node": ">=0.10.0"
      }
    }
  }
}
